
Microsoft Visual Studio Solution File, Format Version 12.00
# Visual Studio Version 17
VisualStudioVersion = 17.9.34723.18
MinimumVisualStudioVersion = 10.0.40219.1
Project("{8BC9CEB8-8B4A-11D0-8D11-00A0C91BC942}") = "Project3", "Project3\Project3.vcxproj", "{520E966F-77B4-4EC6-B311-A2050AD61AEE}"
EndProject
Global
	GlobalSection(SolutionConfigurationPlatforms) = preSolution
		Debug|x64 = Debug|x64
		Debug|x86 = Debug|x86
		Release|x64 = Release|x64
		Release|x86 = Release|x86
	EndGlobalSection
	GlobalSection(ProjectConfigurationPlatforms) = postSolution
		{520E966F-77B4-4EC6-B311-A2050AD61AEE}.Debug|x64.ActiveCfg = Debug|x64
		{520E966F-77B4-4EC6-B311-A2050AD61AEE}.Debug|x64.Build.0 = Debug|x64
		{520E966F-77B4-4EC6-B311-A2050AD61AEE}.Debug|x86.ActiveCfg = Debug|Win32
		{520E966F-77B4-4EC6-B311-A2050AD61AEE}.Debug|x86.Build.0 = Debug|Win32
		{520E966F-77B4-4EC6-B311-A2050AD61AEE}.Release|x64.ActiveCfg = Release|x64
		{520E966F-77B4-4EC6-B311-A2050AD61AEE}.Release|x64.Build.0 = Release|x64
		{520E966F-77B4-4EC6-B311-A2050AD61AEE}.Release|x86.ActiveCfg = Release|Win32
		{520E966F-77B4-4EC6-B311-A2050AD61AEE}.Release|x86.Build.0 = Release|Win32
	EndGlobalSection
	GlobalSection(SolutionProperties) = preSolution
		HideSolutionNode = FALSE
	EndGlobalSection
	GlobalSection(ExtensibilityGlobals) = postSolution
		SolutionGuid = {9575C1F5-65A4-4B0B-B796-158F252A93C3}
	EndGlobalSection
EndGlobal
